
Microsoft Visual Studio Solution File, Format Version 12.00
# Visual Studio 15
VisualStudioVersion = 15.0.27004.2006
MinimumVisualStudioVersion = 10.0.40219.1
Project("{FAE04EC0-301F-11D3-BF4B-00C04F79EFBC}") = "UberEats RespAPI", "UberEats RespAPI\UberEats RespAPI.csproj", "{A4292FB9-60DF-4BFE-9708-CC87086BCF30}"
EndProject
Global
	GlobalSection(SolutionConfigurationPlatforms) = preSolution
		Debug|Any CPU = Debug|Any CPU
		Release|Any CPU = Release|Any CPU
	EndGlobalSection
	GlobalSection(ProjectConfigurationPlatforms) = postSolution
		{A4292FB9-60DF-4BFE-9708-CC87086BCF30}.Debug|Any CPU.ActiveCfg = Debug|Any CPU
		{A4292FB9-60DF-4BFE-9708-CC87086BCF30}.Debug|Any CPU.Build.0 = Debug|Any CPU
		{A4292FB9-60DF-4BFE-9708-CC87086BCF30}.Release|Any CPU.ActiveCfg = Release|Any CPU
		{A4292FB9-60DF-4BFE-9708-CC87086BCF30}.Release|Any CPU.Build.0 = Release|Any CPU
	EndGlobalSection
	GlobalSection(SolutionProperties) = preSolution
		HideSolutionNode = FALSE
	EndGlobalSection
	GlobalSection(ExtensibilityGlobals) = postSolution
		SolutionGuid = {5BC11B16-0154-4613-9C19-1D653CBDAFB1}
	EndGlobalSection
EndGlobal
